{
  "version": 4,
  "terraform_version": "0.15.3",
  "serial": 19,
  "lineage": "df826de4-e247-d807-08ae-22a68bc1d019",
  "outputs": {},
  "resources": [
    {
      "mode": "data",
      "type": "aws_guardduty_detector",
      "name": "audit_detector_enabled_by_delegation",
      "provider": "provider[\"registry.terraform.io/hashicorp/aws\"]",
      "instances": [
        {
          "schema_version": 0,
          "attributes": {
            "finding_publishing_frequency": "SIX_HOURS",
            "id": "7cbcb098ecd7cbce1bbb2e532c20fab9",
            "service_role_arn": "arn:aws:iam::317687521835:role/aws-service-role/guardduty.amazonaws.com/AWSServiceRoleForAmazonGuardDuty",
            "status": "ENABLED"
          },
          "sensitive_attributes": []
        }
      ]
    },
    {
      "mode": "managed",
      "type": "aws_guardduty_member",
      "name": "log_archive",
      "provider": "provider[\"registry.terraform.io/hashicorp/aws\"]",
      "instances": [
        {
          "schema_version": 0,
          "attributes": {
            "account_id": "689141309029",
            "detector_id": "7cbcb098ecd7cbce1bbb2e532c20fab9",
            "disable_email_notification": null,
            "email": "fmeden+tintulip+awslogs@thoughtworks.com",
            "id": "7cbcb098ecd7cbce1bbb2e532c20fab9:689141309029",
            "invitation_message": null,
            "invite": false,
            "relationship_status": "Created",
            "timeouts": null
          },
          "sensitive_attributes": [],
          "private": "eyJlMmJmYjczMC1lY2FhLTExZTYtOGY4OC0zNDM2M2JjN2M0YzAiOnsiY3JlYXRlIjo2MDAwMDAwMDAwMCwidXBkYXRlIjo2MDAwMDAwMDAwMH19",
          "dependencies": [
            "data.aws_guardduty_detector.audit_detector_enabled_by_delegation"
          ]
        }
      ]
    },
    {
      "mode": "managed",
      "type": "aws_guardduty_member",
      "name": "root",
      "provider": "provider[\"registry.terraform.io/hashicorp/aws\"]",
      "instances": [
        {
          "schema_version": 0,
          "attributes": {
            "account_id": "048191938814",
            "detector_id": "7cbcb098ecd7cbce1bbb2e532c20fab9",
            "disable_email_notification": null,
            "email": "",
            "id": "7cbcb098ecd7cbce1bbb2e532c20fab9:048191938814",
            "invitation_message": null,
            "invite": true,
            "relationship_status": "Enabled",
            "timeouts": null
          },
          "sensitive_attributes": [],
          "private": "eyJlMmJmYjczMC1lY2FhLTExZTYtOGY4OC0zNDM2M2JjN2M0YzAiOnsiY3JlYXRlIjo2MDAwMDAwMDAwMCwidXBkYXRlIjo2MDAwMDAwMDAwMH19",
          "dependencies": [
            "data.aws_guardduty_detector.audit_detector_enabled_by_delegation"
          ]
        }
      ]
    },
    {
      "mode": "managed",
      "type": "aws_guardduty_organization_configuration",
      "name": "cla_guard_duty_org",
      "provider": "provider[\"registry.terraform.io/hashicorp/aws\"]",
      "instances": [
        {
          "schema_version": 0,
          "attributes": {
            "auto_enable": true,
            "detector_id": "7cbcb098ecd7cbce1bbb2e532c20fab9",
            "id": "7cbcb098ecd7cbce1bbb2e532c20fab9"
          },
          "sensitive_attributes": [],
          "private": "bnVsbA==",
          "dependencies": [
            "data.aws_guardduty_detector.audit_detector_enabled_by_delegation"
          ]
        }
      ]
    }
  ]
}
